
Microsoft Visual Studio Solution File, Format Version 12.00
# Visual Studio Version 16
VisualStudioVersion = 16.0.29519.181
MinimumVisualStudioVersion = 10.0.40219.1
Project("{9A19103F-16F7-4668-BE54-9A1E7A4F7556}") = "Consumer", "Consumer\Consumer.csproj", "{A6019696-0F7F-4E9A-8256-CB0D93CA360B}"
EndProject
Project("{9A19103F-16F7-4668-BE54-9A1E7A4F7556}") = "Producer", "Producer\Producer.csproj", "{F011229D-045B-448A-A5C8-EA98C4E50AFF}"
EndProject
Project("{FAE04EC0-301F-11D3-BF4B-00C04F79EFBC}") = "Message", "Message\Message.csproj", "{4A771EBE-7E3B-43F6-A0D9-A70F9BBF97FD}"
EndProject
Global
	GlobalSection(SolutionConfigurationPlatforms) = preSolution
		Debug|Any CPU = Debug|Any CPU
		Release|Any CPU = Release|Any CPU
	EndGlobalSection
	GlobalSection(ProjectConfigurationPlatforms) = postSolution
		{A6019696-0F7F-4E9A-8256-CB0D93CA360B}.Debug|Any CPU.ActiveCfg = Debug|Any CPU
		{A6019696-0F7F-4E9A-8256-CB0D93CA360B}.Debug|Any CPU.Build.0 = Debug|Any CPU
		{A6019696-0F7F-4E9A-8256-CB0D93CA360B}.Release|Any CPU.ActiveCfg = Release|Any CPU
		{A6019696-0F7F-4E9A-8256-CB0D93CA360B}.Release|Any CPU.Build.0 = Release|Any CPU
		{F011229D-045B-448A-A5C8-EA98C4E50AFF}.Debug|Any CPU.ActiveCfg = Debug|Any CPU
		{F011229D-045B-448A-A5C8-EA98C4E50AFF}.Debug|Any CPU.Build.0 = Debug|Any CPU
		{F011229D-045B-448A-A5C8-EA98C4E50AFF}.Release|Any CPU.ActiveCfg = Release|Any CPU
		{F011229D-045B-448A-A5C8-EA98C4E50AFF}.Release|Any CPU.Build.0 = Release|Any CPU
		{4A771EBE-7E3B-43F6-A0D9-A70F9BBF97FD}.Debug|Any CPU.ActiveCfg = Debug|Any CPU
		{4A771EBE-7E3B-43F6-A0D9-A70F9BBF97FD}.Debug|Any CPU.Build.0 = Debug|Any CPU
		{4A771EBE-7E3B-43F6-A0D9-A70F9BBF97FD}.Release|Any CPU.ActiveCfg = Release|Any CPU
		{4A771EBE-7E3B-43F6-A0D9-A70F9BBF97FD}.Release|Any CPU.Build.0 = Release|Any CPU
	EndGlobalSection
	GlobalSection(SolutionProperties) = preSolution
		HideSolutionNode = FALSE
	EndGlobalSection
	GlobalSection(ExtensibilityGlobals) = postSolution
		SolutionGuid = {AAD75EE2-3B2D-4EBB-85F4-10B7D65BE426}
	EndGlobalSection
EndGlobal
