
Microsoft Visual Studio Solution File, Format Version 12.00
# Visual Studio Version 16
VisualStudioVersion = 16.0.29613.14
MinimumVisualStudioVersion = 10.0.40219.1
Project("{9A19103F-16F7-4668-BE54-9A1E7A4F7556}") = "ConsumeOnly", "src\ConsumeOnly\ConsumeOnly.csproj", "{48A52F94-3E05-4EE3-9A49-7CCCE0398FA4}"
EndProject
Project("{9A19103F-16F7-4668-BE54-9A1E7A4F7556}") = "ConsumeAndRespond", "src\ConsumeAndRespond\ConsumeAndRespond.csproj", "{066006DF-E6A1-4ABF-B8E1-EB6D598BB3D7}"
EndProject
Global
	GlobalSection(SolutionConfigurationPlatforms) = preSolution
		Debug|Any CPU = Debug|Any CPU
		Release|Any CPU = Release|Any CPU
	EndGlobalSection
	GlobalSection(ProjectConfigurationPlatforms) = postSolution
		{48A52F94-3E05-4EE3-9A49-7CCCE0398FA4}.Debug|Any CPU.ActiveCfg = Debug|Any CPU
		{48A52F94-3E05-4EE3-9A49-7CCCE0398FA4}.Debug|Any CPU.Build.0 = Debug|Any CPU
		{48A52F94-3E05-4EE3-9A49-7CCCE0398FA4}.Release|Any CPU.ActiveCfg = Release|Any CPU
		{48A52F94-3E05-4EE3-9A49-7CCCE0398FA4}.Release|Any CPU.Build.0 = Release|Any CPU
		{066006DF-E6A1-4ABF-B8E1-EB6D598BB3D7}.Debug|Any CPU.ActiveCfg = Debug|Any CPU
		{066006DF-E6A1-4ABF-B8E1-EB6D598BB3D7}.Debug|Any CPU.Build.0 = Debug|Any CPU
		{066006DF-E6A1-4ABF-B8E1-EB6D598BB3D7}.Release|Any CPU.ActiveCfg = Release|Any CPU
		{066006DF-E6A1-4ABF-B8E1-EB6D598BB3D7}.Release|Any CPU.Build.0 = Release|Any CPU
	EndGlobalSection
	GlobalSection(SolutionProperties) = preSolution
		HideSolutionNode = FALSE
	EndGlobalSection
	GlobalSection(ExtensibilityGlobals) = postSolution
		SolutionGuid = {BDF045EB-8E36-429D-952A-388D81A40E42}
	EndGlobalSection
EndGlobal
